
Microsoft Visual Studio Solution File, Format Version 12.00
# Visual Studio Version 17
VisualStudioVersion = 17.0.32112.339
MinimumVisualStudioVersion = 10.0.40219.1
Project("{E24C65DC-7377-472B-9ABA-BC803B73C61A}") = "1_lesson2", ".", "{12D3FF8A-6E8B-4D64-B9E2-8CEE1F89FC68}"
	ProjectSection(WebsiteProperties) = preProject
		TargetFrameworkMoniker = ".NETFramework,Version%3Dv4.7.2"
		Debug.AspNetCompiler.VirtualPath = "/localhost_55945"
		Debug.AspNetCompiler.PhysicalPath = "..\1_lesson2\"
		Debug.AspNetCompiler.TargetPath = "PrecompiledWeb\localhost_55945\"
		Debug.AspNetCompiler.Updateable = "true"
		Debug.AspNetCompiler.ForceOverwrite = "true"
		Debug.AspNetCompiler.FixedNames = "false"
		Debug.AspNetCompiler.Debug = "True"
		Release.AspNetCompiler.VirtualPath = "/localhost_55945"
		Release.AspNetCompiler.PhysicalPath = "..\1_lesson2\"
		Release.AspNetCompiler.TargetPath = "PrecompiledWeb\localhost_55945\"
		Release.AspNetCompiler.Updateable = "true"
		Release.AspNetCompiler.ForceOverwrite = "true"
		Release.AspNetCompiler.FixedNames = "false"
		Release.AspNetCompiler.Debug = "False"
		VWDPort = "55945"
		SlnRelativePath = "..\1_lesson2\"
		DefaultWebSiteLanguage = "Visual C#"
	EndProjectSection
EndProject
Global
	GlobalSection(SolutionConfigurationPlatforms) = preSolution
		Debug|Any CPU = Debug|Any CPU
	EndGlobalSection
	GlobalSection(ProjectConfigurationPlatforms) = postSolution
		{12D3FF8A-6E8B-4D64-B9E2-8CEE1F89FC68}.Debug|Any CPU.ActiveCfg = Debug|Any CPU
		{12D3FF8A-6E8B-4D64-B9E2-8CEE1F89FC68}.Debug|Any CPU.Build.0 = Debug|Any CPU
	EndGlobalSection
	GlobalSection(SolutionProperties) = preSolution
		HideSolutionNode = FALSE
	EndGlobalSection
	GlobalSection(ExtensibilityGlobals) = postSolution
		SolutionGuid = {B2A11321-D237-4823-B407-1D07688AC9E2}
	EndGlobalSection
EndGlobal
